
Microsoft Visual Studio Solution File, Format Version 12.00
# Visual Studio Version 17
VisualStudioVersion = 17.8.34525.116
MinimumVisualStudioVersion = 10.0.40219.1
Project("{2150E333-8FDC-42A3-9474-1A3956D46DE8}") = "FrontEnd", "FrontEnd", "{2A84757D-5198-4F7C-8339-1EE490CA9287}"
EndProject
Project("{2150E333-8FDC-42A3-9474-1A3956D46DE8}") = "Gateway", "Gateway", "{BB10AE50-6211-4390-BE1D-C15E26454C50}"
EndProject
Project("{2150E333-8FDC-42A3-9474-1A3956D46DE8}") = "Integration", "Integration", "{3ED575A1-68D8-4C07-8A63-E0EDB7961499}"
EndProject
Project("{2150E333-8FDC-42A3-9474-1A3956D46DE8}") = "Services", "Services", "{190594D6-E8E8-4057-874E-569C67DF8E54}"
EndProject
Project("{9A19103F-16F7-4668-BE54-9A1E7A4F7556}") = "Mango.Services.CouponAPI", "Mango.Services.CouponAPI\Mango.Services.CouponAPI.csproj", "{0240A3F2-AEBF-4450-9A08-2A39C78B23F6}"
EndProject
Project("{9A19103F-16F7-4668-BE54-9A1E7A4F7556}") = "Mango.Web", "Mango.Web\Mango.Web.csproj", "{DE92C988-2F95-45C8-A0CC-C28D841D4FE2}"
EndProject
Project("{9A19103F-16F7-4668-BE54-9A1E7A4F7556}") = "Mango.Services.AuthAPI", "Mango.Services.AuthAPI\Mango.Services.AuthAPI.csproj", "{73C1D2EB-3C61-40EA-95B4-4E96A7D6733D}"
EndProject
Project("{FAE04EC0-301F-11D3-BF4B-00C04F79EFBC}") = "Mango.Services.ProductAPI", "Mango.Services.ProductAPI\Mango.Services.ProductAPI.csproj", "{3C2CB361-40CD-4FDB-9A2C-7EAC9B2F8EB7}"
EndProject
Project("{FAE04EC0-301F-11D3-BF4B-00C04F79EFBC}") = "Mango.Services.ShoppingCartAPI", "Mango.Services.ShoppingCartAPI\Mango.Services.ShoppingCartAPI.csproj", "{0E86288F-B88B-4392-882D-1B20A3DCBCBE}"
EndProject
Global
	GlobalSection(SolutionConfigurationPlatforms) = preSolution
		Debug|Any CPU = Debug|Any CPU
		Release|Any CPU = Release|Any CPU
	EndGlobalSection
	GlobalSection(ProjectConfigurationPlatforms) = postSolution
		{0240A3F2-AEBF-4450-9A08-2A39C78B23F6}.Debug|Any CPU.ActiveCfg = Debug|Any CPU
		{0240A3F2-AEBF-4450-9A08-2A39C78B23F6}.Debug|Any CPU.Build.0 = Debug|Any CPU
		{0240A3F2-AEBF-4450-9A08-2A39C78B23F6}.Release|Any CPU.ActiveCfg = Release|Any CPU
		{0240A3F2-AEBF-4450-9A08-2A39C78B23F6}.Release|Any CPU.Build.0 = Release|Any CPU
		{DE92C988-2F95-45C8-A0CC-C28D841D4FE2}.Debug|Any CPU.ActiveCfg = Debug|Any CPU
		{DE92C988-2F95-45C8-A0CC-C28D841D4FE2}.Debug|Any CPU.Build.0 = Debug|Any CPU
		{DE92C988-2F95-45C8-A0CC-C28D841D4FE2}.Release|Any CPU.ActiveCfg = Release|Any CPU
		{DE92C988-2F95-45C8-A0CC-C28D841D4FE2}.Release|Any CPU.Build.0 = Release|Any CPU
		{73C1D2EB-3C61-40EA-95B4-4E96A7D6733D}.Debug|Any CPU.ActiveCfg = Debug|Any CPU
		{73C1D2EB-3C61-40EA-95B4-4E96A7D6733D}.Debug|Any CPU.Build.0 = Debug|Any CPU
		{73C1D2EB-3C61-40EA-95B4-4E96A7D6733D}.Release|Any CPU.ActiveCfg = Release|Any CPU
		{73C1D2EB-3C61-40EA-95B4-4E96A7D6733D}.Release|Any CPU.Build.0 = Release|Any CPU
		{3C2CB361-40CD-4FDB-9A2C-7EAC9B2F8EB7}.Debug|Any CPU.ActiveCfg = Debug|Any CPU
		{3C2CB361-40CD-4FDB-9A2C-7EAC9B2F8EB7}.Debug|Any CPU.Build.0 = Debug|Any CPU
		{3C2CB361-40CD-4FDB-9A2C-7EAC9B2F8EB7}.Release|Any CPU.ActiveCfg = Release|Any CPU
		{3C2CB361-40CD-4FDB-9A2C-7EAC9B2F8EB7}.Release|Any CPU.Build.0 = Release|Any CPU
		{0E86288F-B88B-4392-882D-1B20A3DCBCBE}.Debug|Any CPU.ActiveCfg = Debug|Any CPU
		{0E86288F-B88B-4392-882D-1B20A3DCBCBE}.Debug|Any CPU.Build.0 = Debug|Any CPU
		{0E86288F-B88B-4392-882D-1B20A3DCBCBE}.Release|Any CPU.ActiveCfg = Release|Any CPU
		{0E86288F-B88B-4392-882D-1B20A3DCBCBE}.Release|Any CPU.Build.0 = Release|Any CPU
	EndGlobalSection
	GlobalSection(SolutionProperties) = preSolution
		HideSolutionNode = FALSE
	EndGlobalSection
	GlobalSection(NestedProjects) = preSolution
		{0240A3F2-AEBF-4450-9A08-2A39C78B23F6} = {190594D6-E8E8-4057-874E-569C67DF8E54}
		{DE92C988-2F95-45C8-A0CC-C28D841D4FE2} = {2A84757D-5198-4F7C-8339-1EE490CA9287}
		{73C1D2EB-3C61-40EA-95B4-4E96A7D6733D} = {190594D6-E8E8-4057-874E-569C67DF8E54}
		{3C2CB361-40CD-4FDB-9A2C-7EAC9B2F8EB7} = {190594D6-E8E8-4057-874E-569C67DF8E54}
		{0E86288F-B88B-4392-882D-1B20A3DCBCBE} = {190594D6-E8E8-4057-874E-569C67DF8E54}
	EndGlobalSection
	GlobalSection(ExtensibilityGlobals) = postSolution
		SolutionGuid = {FFA72CBF-E350-4489-BEC1-8A9BEB01B7A3}
	EndGlobalSection
EndGlobal
